
Microsoft Visual Studio Solution File, Format Version 12.00
# Visual Studio 15
VisualStudioVersion = 15.0.28307.902
MinimumVisualStudioVersion = 10.0.40219.1
Project("{FAE04EC0-301F-11D3-BF4B-00C04F79EFBC}") = "Sim", "Sim\Sim.csproj", "{0457AB08-2041-4462-BB3D-CC97B0537E7B}"
EndProject
Global
	GlobalSection(SolutionConfigurationPlatforms) = preSolution
		Debug|Any CPU = Debug|Any CPU
		Release|Any CPU = Release|Any CPU
	EndGlobalSection
	GlobalSection(ProjectConfigurationPlatforms) = postSolution
		{0457AB08-2041-4462-BB3D-CC97B0537E7B}.Debug|Any CPU.ActiveCfg = Debug|Any CPU
		{0457AB08-2041-4462-BB3D-CC97B0537E7B}.Debug|Any CPU.Build.0 = Debug|Any CPU
		{0457AB08-2041-4462-BB3D-CC97B0537E7B}.Release|Any CPU.ActiveCfg = Release|Any CPU
		{0457AB08-2041-4462-BB3D-CC97B0537E7B}.Release|Any CPU.Build.0 = Release|Any CPU
	EndGlobalSection
	GlobalSection(SolutionProperties) = preSolution
		HideSolutionNode = FALSE
	EndGlobalSection
	GlobalSection(ExtensibilityGlobals) = postSolution
		SolutionGuid = {8A17B4C0-E4F4-45CA-A26C-1D14B0B83AB4}
	EndGlobalSection
EndGlobal
